
Microsoft Visual Studio Solution File, Format Version 12.00
# Visual Studio Version 16
VisualStudioVersion = 16.0.31507.150
MinimumVisualStudioVersion = 10.0.40219.1
Project("{8BC9CEB8-8B4A-11D0-8D11-00A0C91BC942}") = "Lbx23", "Lbx23\Lbx23.vcxproj", "{AC170647-BF77-47E0-BD12-81599E80A19A}"
EndProject
Global
	GlobalSection(SolutionConfigurationPlatforms) = preSolution
		Debug|x64 = Debug|x64
		Debug|x86 = Debug|x86
		Release|x64 = Release|x64
		Release|x86 = Release|x86
	EndGlobalSection
	GlobalSection(ProjectConfigurationPlatforms) = postSolution
		{AC170647-BF77-47E0-BD12-81599E80A19A}.Debug|x64.ActiveCfg = Debug|x64
		{AC170647-BF77-47E0-BD12-81599E80A19A}.Debug|x64.Build.0 = Debug|x64
		{AC170647-BF77-47E0-BD12-81599E80A19A}.Debug|x86.ActiveCfg = Debug|Win32
		{AC170647-BF77-47E0-BD12-81599E80A19A}.Debug|x86.Build.0 = Debug|Win32
		{AC170647-BF77-47E0-BD12-81599E80A19A}.Release|x64.ActiveCfg = Release|x64
		{AC170647-BF77-47E0-BD12-81599E80A19A}.Release|x64.Build.0 = Release|x64
		{AC170647-BF77-47E0-BD12-81599E80A19A}.Release|x86.ActiveCfg = Release|Win32
		{AC170647-BF77-47E0-BD12-81599E80A19A}.Release|x86.Build.0 = Release|Win32
	EndGlobalSection
	GlobalSection(SolutionProperties) = preSolution
		HideSolutionNode = FALSE
	EndGlobalSection
	GlobalSection(ExtensibilityGlobals) = postSolution
		SolutionGuid = {99B3F13D-ED3F-4F42-8056-FFB0F4AF2CAD}
	EndGlobalSection
EndGlobal
