
Microsoft Visual Studio Solution File, Format Version 12.00
# Visual Studio Version 16
VisualStudioVersion = 16.0.31507.150
MinimumVisualStudioVersion = 10.0.40219.1
Project("{8BC9CEB8-8B4A-11D0-8D11-00A0C91BC942}") = "Lbx8_3.1", "Lbx8_3.1\Lbx8_3.1.vcxproj", "{D37E6C89-6794-4865-916E-E8294CDFA1B5}"
EndProject
Global
	GlobalSection(SolutionConfigurationPlatforms) = preSolution
		Debug|x64 = Debug|x64
		Debug|x86 = Debug|x86
		Release|x64 = Release|x64
		Release|x86 = Release|x86
	EndGlobalSection
	GlobalSection(ProjectConfigurationPlatforms) = postSolution
		{D37E6C89-6794-4865-916E-E8294CDFA1B5}.Debug|x64.ActiveCfg = Debug|x64
		{D37E6C89-6794-4865-916E-E8294CDFA1B5}.Debug|x64.Build.0 = Debug|x64
		{D37E6C89-6794-4865-916E-E8294CDFA1B5}.Debug|x86.ActiveCfg = Debug|Win32
		{D37E6C89-6794-4865-916E-E8294CDFA1B5}.Debug|x86.Build.0 = Debug|Win32
		{D37E6C89-6794-4865-916E-E8294CDFA1B5}.Release|x64.ActiveCfg = Release|x64
		{D37E6C89-6794-4865-916E-E8294CDFA1B5}.Release|x64.Build.0 = Release|x64
		{D37E6C89-6794-4865-916E-E8294CDFA1B5}.Release|x86.ActiveCfg = Release|Win32
		{D37E6C89-6794-4865-916E-E8294CDFA1B5}.Release|x86.Build.0 = Release|Win32
	EndGlobalSection
	GlobalSection(SolutionProperties) = preSolution
		HideSolutionNode = FALSE
	EndGlobalSection
	GlobalSection(ExtensibilityGlobals) = postSolution
		SolutionGuid = {ED5F1BDF-B8CF-47B5-B21F-3F9B64CDC275}
	EndGlobalSection
EndGlobal
