
Microsoft Visual Studio Solution File, Format Version 12.00
# Visual Studio Version 16
VisualStudioVersion = 16.0.31507.150
MinimumVisualStudioVersion = 10.0.40219.1
Project("{8BC9CEB8-8B4A-11D0-8D11-00A0C91BC942}") = "Lbx4", "Lbx4\Lbx4.vcxproj", "{098C1CC4-673E-45DC-BD91-D7D7C871DC01}"
EndProject
Global
	GlobalSection(SolutionConfigurationPlatforms) = preSolution
		Debug|x64 = Debug|x64
		Debug|x86 = Debug|x86
		Release|x64 = Release|x64
		Release|x86 = Release|x86
	EndGlobalSection
	GlobalSection(ProjectConfigurationPlatforms) = postSolution
		{098C1CC4-673E-45DC-BD91-D7D7C871DC01}.Debug|x64.ActiveCfg = Debug|x64
		{098C1CC4-673E-45DC-BD91-D7D7C871DC01}.Debug|x64.Build.0 = Debug|x64
		{098C1CC4-673E-45DC-BD91-D7D7C871DC01}.Debug|x86.ActiveCfg = Debug|Win32
		{098C1CC4-673E-45DC-BD91-D7D7C871DC01}.Debug|x86.Build.0 = Debug|Win32
		{098C1CC4-673E-45DC-BD91-D7D7C871DC01}.Release|x64.ActiveCfg = Release|x64
		{098C1CC4-673E-45DC-BD91-D7D7C871DC01}.Release|x64.Build.0 = Release|x64
		{098C1CC4-673E-45DC-BD91-D7D7C871DC01}.Release|x86.ActiveCfg = Release|Win32
		{098C1CC4-673E-45DC-BD91-D7D7C871DC01}.Release|x86.Build.0 = Release|Win32
	EndGlobalSection
	GlobalSection(SolutionProperties) = preSolution
		HideSolutionNode = FALSE
	EndGlobalSection
	GlobalSection(ExtensibilityGlobals) = postSolution
		SolutionGuid = {EAFD0C23-86F6-4D8F-9714-469F5EDCE271}
	EndGlobalSection
EndGlobal
