
Microsoft Visual Studio Solution File, Format Version 12.00
# Visual Studio Version 16
VisualStudioVersion = 16.0.31507.150
MinimumVisualStudioVersion = 10.0.40219.1
Project("{8BC9CEB8-8B4A-11D0-8D11-00A0C91BC942}") = "Lbx26", "Lbx26\Lbx26.vcxproj", "{5285EED2-C90C-4865-8261-E8C34E6CD7FA}"
EndProject
Global
	GlobalSection(SolutionConfigurationPlatforms) = preSolution
		Debug|x64 = Debug|x64
		Debug|x86 = Debug|x86
		Release|x64 = Release|x64
		Release|x86 = Release|x86
	EndGlobalSection
	GlobalSection(ProjectConfigurationPlatforms) = postSolution
		{5285EED2-C90C-4865-8261-E8C34E6CD7FA}.Debug|x64.ActiveCfg = Debug|x64
		{5285EED2-C90C-4865-8261-E8C34E6CD7FA}.Debug|x64.Build.0 = Debug|x64
		{5285EED2-C90C-4865-8261-E8C34E6CD7FA}.Debug|x86.ActiveCfg = Debug|Win32
		{5285EED2-C90C-4865-8261-E8C34E6CD7FA}.Debug|x86.Build.0 = Debug|Win32
		{5285EED2-C90C-4865-8261-E8C34E6CD7FA}.Release|x64.ActiveCfg = Release|x64
		{5285EED2-C90C-4865-8261-E8C34E6CD7FA}.Release|x64.Build.0 = Release|x64
		{5285EED2-C90C-4865-8261-E8C34E6CD7FA}.Release|x86.ActiveCfg = Release|Win32
		{5285EED2-C90C-4865-8261-E8C34E6CD7FA}.Release|x86.Build.0 = Release|Win32
	EndGlobalSection
	GlobalSection(SolutionProperties) = preSolution
		HideSolutionNode = FALSE
	EndGlobalSection
	GlobalSection(ExtensibilityGlobals) = postSolution
		SolutionGuid = {694FCFE2-135F-449D-AB0F-754E374CB23C}
	EndGlobalSection
EndGlobal
