
Microsoft Visual Studio Solution File, Format Version 12.00
# Visual Studio Version 16
VisualStudioVersion = 16.0.31507.150
MinimumVisualStudioVersion = 10.0.40219.1
Project("{8BC9CEB8-8B4A-11D0-8D11-00A0C91BC942}") = "Lbx30", "Lbx30\Lbx30.vcxproj", "{156B59BE-C019-47F7-A9E3-78B782257D47}"
EndProject
Global
	GlobalSection(SolutionConfigurationPlatforms) = preSolution
		Debug|x64 = Debug|x64
		Debug|x86 = Debug|x86
		Release|x64 = Release|x64
		Release|x86 = Release|x86
	EndGlobalSection
	GlobalSection(ProjectConfigurationPlatforms) = postSolution
		{156B59BE-C019-47F7-A9E3-78B782257D47}.Debug|x64.ActiveCfg = Debug|x64
		{156B59BE-C019-47F7-A9E3-78B782257D47}.Debug|x64.Build.0 = Debug|x64
		{156B59BE-C019-47F7-A9E3-78B782257D47}.Debug|x86.ActiveCfg = Debug|Win32
		{156B59BE-C019-47F7-A9E3-78B782257D47}.Debug|x86.Build.0 = Debug|Win32
		{156B59BE-C019-47F7-A9E3-78B782257D47}.Release|x64.ActiveCfg = Release|x64
		{156B59BE-C019-47F7-A9E3-78B782257D47}.Release|x64.Build.0 = Release|x64
		{156B59BE-C019-47F7-A9E3-78B782257D47}.Release|x86.ActiveCfg = Release|Win32
		{156B59BE-C019-47F7-A9E3-78B782257D47}.Release|x86.Build.0 = Release|Win32
	EndGlobalSection
	GlobalSection(SolutionProperties) = preSolution
		HideSolutionNode = FALSE
	EndGlobalSection
	GlobalSection(ExtensibilityGlobals) = postSolution
		SolutionGuid = {3F60EC63-2489-42AB-B52D-ED1C9E4FDDF7}
	EndGlobalSection
EndGlobal
